schema: '2.0'
stages:
  preprocessing:
    cmd: python preprocessing.py data/titanic.csv
    deps:
    - path: data/titanic.csv
      hash: md5
      md5: 61fdd54abdbf6a85b778e937122e1194
      size: 60302
    - path: preprocessing.py
      hash: md5
      md5: f5a510d07eb050d9cb949543c8146c5c
      size: 935
    params:
      params.yaml:
        preprocessing.seed: 2024
        preprocessing.split: 0.2
    outs:
    - path: data/prepared
      hash: md5
      md5: 4759dd7060da23732b7bae6952ab48dd.dir
      size: 13556
      nfiles: 2
  featurize:
    cmd: python features.py data/prepared data/features
    deps:
    - path: data/prepared
      hash: md5
      md5: 4759dd7060da23732b7bae6952ab48dd.dir
      size: 13556
      nfiles: 2
    - path: features.py
      hash: md5
      md5: 37a3bd9da61d19056b9a0673833e2436
      size: 1177
    params:
      params.yaml:
        featurize.seed: 2024
